
Microsoft Visual Studio Solution File, Format Version 12.00
# Visual Studio Version 17
VisualStudioVersion = 17.7.34009.444
MinimumVisualStudioVersion = 10.0.40219.1
Project("{FAE04EC0-301F-11D3-BF4B-00C04F79EFBC}") = "Strack", "Strack\Strack.csproj", "{B1C4606A-2D2E-6151-315D-DF884766CB5F}"
EndProject
Project("{FAE04EC0-301F-11D3-BF4B-00C04F79EFBC}") = "Strack.WPF", "Strack.WPF\Strack.WPF.csproj", "{25C38F92-4556-037D-BE91-87C6EC4E6A85}"
EndProject
Project("{2150E333-8FDC-42A3-9474-1A3956D46DE8}") = "Launcher", "Launcher", "{02EA681E-C7D8-13C7-8484-4AC65E1B71E8}"
EndProject
Project("{FAE04EC0-301F-11D3-BF4B-00C04F79EFBC}") = "Strack.Browser", "Strack.Launcher.Browser\Strack.Browser.csproj", "{40AEB526-1752-02DC-6B04-CFC1C4BDD43F}"
EndProject
Project("{FAE04EC0-301F-11D3-BF4B-00C04F79EFBC}") = "Strack.Desktop", "Strack.Launcher.Desktop\Strack.Desktop.csproj", "{B6B5A0B8-6D83-F2E9-3C0C-6B968CE1503B}"
EndProject
Project("{2150E333-8FDC-42A3-9474-1A3956D46DE8}") = "SDK", "SDK", "{CF83BC95-C82A-4E3E-AAC8-6BF224850712}"
EndProject
Project("{FAE04EC0-301F-11D3-BF4B-00C04F79EFBC}") = "IGPSport", "iGPSPORT\IGPSport.csproj", "{E62082F2-8B1E-4CA4-867F-F6D1F18EC6DC}"
EndProject
Project("{FAE04EC0-301F-11D3-BF4B-00C04F79EFBC}") = "XingZhe", "XingZhe\XingZhe.csproj", "{28E7C413-FEC3-4B3D-A0E0-4F83DCFA00CC}"
EndProject
Project("{FAE04EC0-301F-11D3-BF4B-00C04F79EFBC}") = "Common", "Common\Common.csproj", "{09259852-CD12-4895-BA92-1963999C4E21}"
EndProject
Global
	GlobalSection(SolutionConfigurationPlatforms) = preSolution
		Debug|Any CPU = Debug|Any CPU
		Release|Any CPU = Release|Any CPU
	EndGlobalSection
	GlobalSection(ProjectConfigurationPlatforms) = postSolution
		{B1C4606A-2D2E-6151-315D-DF884766CB5F}.Debug|Any CPU.ActiveCfg = Debug|Any CPU
		{B1C4606A-2D2E-6151-315D-DF884766CB5F}.Debug|Any CPU.Build.0 = Debug|Any CPU
		{B1C4606A-2D2E-6151-315D-DF884766CB5F}.Release|Any CPU.ActiveCfg = Release|Any CPU
		{B1C4606A-2D2E-6151-315D-DF884766CB5F}.Release|Any CPU.Build.0 = Release|Any CPU
		{25C38F92-4556-037D-BE91-87C6EC4E6A85}.Debug|Any CPU.ActiveCfg = Debug|Any CPU
		{25C38F92-4556-037D-BE91-87C6EC4E6A85}.Debug|Any CPU.Build.0 = Debug|Any CPU
		{25C38F92-4556-037D-BE91-87C6EC4E6A85}.Release|Any CPU.ActiveCfg = Release|Any CPU
		{25C38F92-4556-037D-BE91-87C6EC4E6A85}.Release|Any CPU.Build.0 = Release|Any CPU
		{40AEB526-1752-02DC-6B04-CFC1C4BDD43F}.Debug|Any CPU.ActiveCfg = Debug|Any CPU
		{40AEB526-1752-02DC-6B04-CFC1C4BDD43F}.Debug|Any CPU.Build.0 = Debug|Any CPU
		{40AEB526-1752-02DC-6B04-CFC1C4BDD43F}.Release|Any CPU.ActiveCfg = Release|Any CPU
		{40AEB526-1752-02DC-6B04-CFC1C4BDD43F}.Release|Any CPU.Build.0 = Release|Any CPU
		{B6B5A0B8-6D83-F2E9-3C0C-6B968CE1503B}.Debug|Any CPU.ActiveCfg = Debug|Any CPU
		{B6B5A0B8-6D83-F2E9-3C0C-6B968CE1503B}.Debug|Any CPU.Build.0 = Debug|Any CPU
		{B6B5A0B8-6D83-F2E9-3C0C-6B968CE1503B}.Release|Any CPU.ActiveCfg = Release|Any CPU
		{B6B5A0B8-6D83-F2E9-3C0C-6B968CE1503B}.Release|Any CPU.Build.0 = Release|Any CPU
		{E62082F2-8B1E-4CA4-867F-F6D1F18EC6DC}.Debug|Any CPU.ActiveCfg = Debug|Any CPU
		{E62082F2-8B1E-4CA4-867F-F6D1F18EC6DC}.Debug|Any CPU.Build.0 = Debug|Any CPU
		{E62082F2-8B1E-4CA4-867F-F6D1F18EC6DC}.Release|Any CPU.ActiveCfg = Release|Any CPU
		{E62082F2-8B1E-4CA4-867F-F6D1F18EC6DC}.Release|Any CPU.Build.0 = Release|Any CPU
		{28E7C413-FEC3-4B3D-A0E0-4F83DCFA00CC}.Debug|Any CPU.ActiveCfg = Debug|Any CPU
		{28E7C413-FEC3-4B3D-A0E0-4F83DCFA00CC}.Debug|Any CPU.Build.0 = Debug|Any CPU
		{28E7C413-FEC3-4B3D-A0E0-4F83DCFA00CC}.Release|Any CPU.ActiveCfg = Release|Any CPU
		{28E7C413-FEC3-4B3D-A0E0-4F83DCFA00CC}.Release|Any CPU.Build.0 = Release|Any CPU
		{09259852-CD12-4895-BA92-1963999C4E21}.Debug|Any CPU.ActiveCfg = Debug|Any CPU
		{09259852-CD12-4895-BA92-1963999C4E21}.Debug|Any CPU.Build.0 = Debug|Any CPU
		{09259852-CD12-4895-BA92-1963999C4E21}.Release|Any CPU.ActiveCfg = Release|Any CPU
		{09259852-CD12-4895-BA92-1963999C4E21}.Release|Any CPU.Build.0 = Release|Any CPU
	EndGlobalSection
	GlobalSection(SolutionProperties) = preSolution
		HideSolutionNode = FALSE
	EndGlobalSection
	GlobalSection(NestedProjects) = preSolution
		{40AEB526-1752-02DC-6B04-CFC1C4BDD43F} = {02EA681E-C7D8-13C7-8484-4AC65E1B71E8}
		{B6B5A0B8-6D83-F2E9-3C0C-6B968CE1503B} = {02EA681E-C7D8-13C7-8484-4AC65E1B71E8}
		{E62082F2-8B1E-4CA4-867F-F6D1F18EC6DC} = {CF83BC95-C82A-4E3E-AAC8-6BF224850712}
		{28E7C413-FEC3-4B3D-A0E0-4F83DCFA00CC} = {CF83BC95-C82A-4E3E-AAC8-6BF224850712}
		{09259852-CD12-4895-BA92-1963999C4E21} = {CF83BC95-C82A-4E3E-AAC8-6BF224850712}
	EndGlobalSection
	GlobalSection(ExtensibilityGlobals) = postSolution
		SolutionGuid = {1A84BFC2-2DAD-463A-8F05-715554AF8B95}
	EndGlobalSection
EndGlobal
